{
  "requires": true,
  "lockfileVersion": 1,
  "dependencies": {
    "@fancyapps/fancybox": {
      "version": "3.5.6",
      "resolved": "https://registry.npmjs.org/@fancyapps/fancybox/-/fancybox-3.5.6.tgz",
      "integrity": "sha512-Hp83AAWb0uNR7ekGQExGv0fMJEa/0t97Ab1aPk2hopWnKKpFI6acnIssJ2SD2YCBqv5Rb4W+lHDJTtJPRbcqhA=="
    }
  }
}
